{
  "name": "red-black-based-map",
  "version": "1.0.0",
  "lockfileVersion": 3,
  "requires": true,
  "packages": {
    "": {
      "name": "red-black-based-map",
      "version": "1.0.0",
      "license": "ISC",
      "dependencies": {
        "javascript-red-black-tree": "^1.0.0"
      }
    },
    "node_modules/javascript-red-black-tree": {
      "version": "1.0.0",
      "resolved": "https://registry.npmjs.org/javascript-red-black-tree/-/javascript-red-black-tree-1.0.0.tgz",
      "integrity": "sha512-OBJsnePYZYkVrsHjz2426XxI/iRXaQMmoiuvQSsX2a7cPCxdSDbcQjBPxXK231M1pfFHLGGNDu8IXz5qZZf4kw=="
    }
  }
}
